{
  "name": "xqlyte-js",
  "version": "0.1.0",
  "lockfileVersion": 3,
  "requires": true,
  "packages": {
    "": {
      "name": "xqlyte-js",
      "version": "0.1.0",
      "dependencies": {
        "sdk-wasm": "file:../../crates/sdk-wasm/pkg"
      }
    },
    "../../crates/sdk-wasm/pkg": {
      "name": "sdk-wasm",
      "version": "0.1.0"
    },
    "node_modules/sdk-wasm": {
      "resolved": "../../crates/sdk-wasm/pkg",
      "link": true
    }
  }
}
